
Microsoft Visual Studio Solution File, Format Version 12.00
# Visual Studio Version 17
VisualStudioVersion = 17.14.36221.1 d17.14
MinimumVisualStudioVersion = 10.0.40219.1
Project("{FAE04EC0-301F-11D3-BF4B-00C04F79EFBC}") = "aidsvanapp", "aidsvanapp\aidsvanapp.csproj", "{13288063-AC39-47FA-A84E-FF82360E4531}"
EndProject
Global
	GlobalSection(SolutionConfigurationPlatforms) = preSolution
		Debug|Any CPU = Debug|Any CPU
		Release|Any CPU = Release|Any CPU
	EndGlobalSection
	GlobalSection(ProjectConfigurationPlatforms) = postSolution
		{13288063-AC39-47FA-A84E-FF82360E4531}.Debug|Any CPU.ActiveCfg = Debug|Any CPU
		{13288063-AC39-47FA-A84E-FF82360E4531}.Debug|Any CPU.Build.0 = Debug|Any CPU
		{13288063-AC39-47FA-A84E-FF82360E4531}.Release|Any CPU.ActiveCfg = Release|Any CPU
		{13288063-AC39-47FA-A84E-FF82360E4531}.Release|Any CPU.Build.0 = Release|Any CPU
	EndGlobalSection
	GlobalSection(SolutionProperties) = preSolution
		HideSolutionNode = FALSE
	EndGlobalSection
	GlobalSection(ExtensibilityGlobals) = postSolution
		SolutionGuid = {9D079C73-509C-43B8-9E3B-1D6F947FC668}
	EndGlobalSection
EndGlobal
